
Microsoft Visual Studio Solution File, Format Version 12.00
# Visual Studio 15
VisualStudioVersion = 15.0.28307.329
MinimumVisualStudioVersion = 10.0.40219.1
Project("{8BC9CEB8-8B4A-11D0-8D11-00A0C91BC942}") = "MRZISLab1", "MRZISLab1.vcxproj", "{8FDB616F-A15B-4DF8-B37C-D826C543E466}"
EndProject
Global
	GlobalSection(SolutionConfigurationPlatforms) = preSolution
		Debug|x64 = Debug|x64
		Debug|x86 = Debug|x86
		Release|x64 = Release|x64
		Release|x86 = Release|x86
	EndGlobalSection
	GlobalSection(ProjectConfigurationPlatforms) = postSolution
		{8FDB616F-A15B-4DF8-B37C-D826C543E466}.Debug|x64.ActiveCfg = Debug|x64
		{8FDB616F-A15B-4DF8-B37C-D826C543E466}.Debug|x64.Build.0 = Debug|x64
		{8FDB616F-A15B-4DF8-B37C-D826C543E466}.Debug|x86.ActiveCfg = Debug|Win32
		{8FDB616F-A15B-4DF8-B37C-D826C543E466}.Debug|x86.Build.0 = Debug|Win32
		{8FDB616F-A15B-4DF8-B37C-D826C543E466}.Release|x64.ActiveCfg = Release|x64
		{8FDB616F-A15B-4DF8-B37C-D826C543E466}.Release|x64.Build.0 = Release|x64
		{8FDB616F-A15B-4DF8-B37C-D826C543E466}.Release|x86.ActiveCfg = Release|Win32
		{8FDB616F-A15B-4DF8-B37C-D826C543E466}.Release|x86.Build.0 = Release|Win32
	EndGlobalSection
	GlobalSection(SolutionProperties) = preSolution
		HideSolutionNode = FALSE
	EndGlobalSection
	GlobalSection(ExtensibilityGlobals) = postSolution
		SolutionGuid = {0663C070-045C-4E49-8807-92DB7C65F156}
	EndGlobalSection
EndGlobal
